
Microsoft Visual Studio Solution File, Format Version 12.00
# Visual Studio Version 17
VisualStudioVersion = 17.1.32414.318
MinimumVisualStudioVersion = 10.0.40219.1
Project("{FAE04EC0-301F-11D3-BF4B-00C04F79EFBC}") = "1HelloWorld", "1HelloWorld\1HelloWorld.csproj", "{A547509A-75FF-4520-8817-079254CBEEBB}"
EndProject
Global
	GlobalSection(SolutionConfigurationPlatforms) = preSolution
		Debug|Any CPU = Debug|Any CPU
		Release|Any CPU = Release|Any CPU
	EndGlobalSection
	GlobalSection(ProjectConfigurationPlatforms) = postSolution
		{A547509A-75FF-4520-8817-079254CBEEBB}.Debug|Any CPU.ActiveCfg = Debug|Any CPU
		{A547509A-75FF-4520-8817-079254CBEEBB}.Debug|Any CPU.Build.0 = Debug|Any CPU
		{A547509A-75FF-4520-8817-079254CBEEBB}.Release|Any CPU.ActiveCfg = Release|Any CPU
		{A547509A-75FF-4520-8817-079254CBEEBB}.Release|Any CPU.Build.0 = Release|Any CPU
	EndGlobalSection
	GlobalSection(SolutionProperties) = preSolution
		HideSolutionNode = FALSE
	EndGlobalSection
	GlobalSection(ExtensibilityGlobals) = postSolution
		SolutionGuid = {33E1BC1E-B030-4C00-B7BB-87AC92263A50}
	EndGlobalSection
EndGlobal
